
Microsoft Visual Studio Solution File, Format Version 12.00
# Visual Studio Version 16
VisualStudioVersion = 16.0.32413.511
MinimumVisualStudioVersion = 10.0.40219.1
Project("{FAE04EC0-301F-11D3-BF4B-00C04F79EFBC}") = "appSchool", "appSchool\appSchool.csproj", "{566DE4D6-C449-479D-AA7F-F1D75BFAB243}"
EndProject
Global
	GlobalSection(SolutionConfigurationPlatforms) = preSolution
		Debug|Any CPU = Debug|Any CPU
		Release|Any CPU = Release|Any CPU
	EndGlobalSection
	GlobalSection(ProjectConfigurationPlatforms) = postSolution
		{566DE4D6-C449-479D-AA7F-F1D75BFAB243}.Debug|Any CPU.ActiveCfg = Debug|Any CPU
		{566DE4D6-C449-479D-AA7F-F1D75BFAB243}.Debug|Any CPU.Build.0 = Debug|Any CPU
		{566DE4D6-C449-479D-AA7F-F1D75BFAB243}.Release|Any CPU.ActiveCfg = Release|Any CPU
		{566DE4D6-C449-479D-AA7F-F1D75BFAB243}.Release|Any CPU.Build.0 = Release|Any CPU
	EndGlobalSection
	GlobalSection(SolutionProperties) = preSolution
		HideSolutionNode = FALSE
	EndGlobalSection
	GlobalSection(ExtensibilityGlobals) = postSolution
		SolutionGuid = {962E4144-4AD8-4DA7-B20C-9D95F03ED10E}
	EndGlobalSection
EndGlobal
